// !$*UTF8*$!
{
	archiveVersion = 1;
	classes = {
	};
	objectVersion = 46;
	objects = {

/* Begin PBXBuildFile section */
		6AED95361E9FCC2500520537 /* AppDelegate.swift in Sources */ = {isa = PBXBuildFile; fileRef = 6AED95351E9FCC2500520537 /* AppDelegate.swift */; };
		6AED95381E9FCC2500520537 /* ViewController.swift in Sources */ = {isa = PBXBuildFile; fileRef = 6AED95371E9FCC2500520537 /* ViewController.swift */; };
		6AED953B1E9FCC2500520537 /* Main.storyboard in Resources */ = {isa = PBXBuildFile; fileRef = 6AED95391E9FCC2500520537 /* Main.storyboard */; };
		6AED953D1E9FCC2500520537 /* Assets.xcassets in Resources */ = {isa = PBXBuildFile; fileRef = 6AED953C1E9FCC2500520537 /* Assets.xcassets */; };
		6AED95401E9FCC2500520537 /* LaunchScreen.storyboard in Resources */ = {isa = PBXBuildFile; fileRef = 6AED953E1E9FCC2500520537 /* LaunchScreen.storyboard */; };
		6AED954B1E9FCC2500520537 /* TJPageViewTests.swift in Sources */ = {isa = PBXBuildFile; fileRef = 6AED954A1E9FCC2500520537 /* TJPageViewTests.swift */; };
		6AED95561E9FCC2500520537 /* TJPageViewUITests.swift in Sources */ = {isa = PBXBuildFile; fileRef = 6AED95551E9FCC2500520537 /* TJPageViewUITests.swift */; };
		6AED956B1EA1094800520537 /* TJPageView.swift in Sources */ = {isa = PBXBuildFile; fileRef = 6AED956A1EA1094800520537 /* TJPageView.swift */; };
		6AED956D1EA1095200520537 /* TJTitleView.swift in Sources */ = {isa = PBXBuildFile; fileRef = 6AED956C1EA1095200520537 /* TJTitleView.swift */; };
		6AED956F1EA1095D00520537 /* TJContentView.swift in Sources */ = {isa = PBXBuildFile; fileRef = 6AED956E1EA1095D00520537 /* TJContentView.swift */; };
		6AED95711EA1097300520537 /* TJTitleStyle.swift in Sources */ = {isa = PBXBuildFile; fileRef = 6AED95701EA1097300520537 /* TJTitleStyle.swift */; };
		6AED95731EA1132100520537 /* UIColor-Extension.swift in Sources */ = {isa = PBXBuildFile; fileRef = 6AED95721EA1132100520537 /* UIColor-Extension.swift */; };
		FE902E991EDEA43700308FF8 /* TJPageCollectionLayout.swift in Sources */ = {isa = PBXBuildFile; fileRef = FE902E981EDEA43700308FF8 /* TJPageCollectionLayout.swift */; };
		FE902E9B1EDEA49D00308FF8 /* TJPageCollectionView.swift in Sources */ = {isa = PBXBuildFile; fileRef = FE902E9A1EDEA49D00308FF8 /* TJPageCollectionView.swift */; };
/* End PBXBuildFile section */

/* Begin PBXContainerItemProxy section */
		6AED95471E9FCC2500520537 /* PBXContainerItemProxy */ = {
			isa = PBXContainerItemProxy;
			containerPortal = 6AED952A1E9FCC2500520537 /* Project object */;
			proxyType = 1;
			remoteGlobalIDString = 6AED95311E9FCC2500520537;
			remoteInfo = TJPageView;
		};
		6AED95521E9FCC2500520537 /* PBXContainerItemProxy */ = {
			isa = PBXContainerItemProxy;
			containerPortal = 6AED952A1E9FCC2500520537 /* Project object */;
			proxyType = 1;
			remoteGlobalIDString = 6AED95311E9FCC2500520537;
			remoteInfo = TJPageView;
		};
/* End PBXContainerItemProxy section */

/* Begin PBXFileReference section */
		6AED95321E9FCC2500520537 /* TJPageView.app */ = {isa = PBXFileReference; explicitFileType = wrapper.application; includeInIndex = 0; path = TJPageView.app; sourceTree = BUILT_PRODUCTS_DIR; };
		6AED95351E9FCC2500520537 /* AppDelegate.swift */ = {isa = PBXFileReference; lastKnownFileType = sourcecode.swift; path = AppDelegate.swift; sourceTree = "<group>"; };
		6AED95371E9FCC2500520537 /* ViewController.swift */ = {isa = PBXFileReference; lastKnownFileType = sourcecode.swift; path = ViewController.swift; sourceTree = "<group>"; };
		6AED953A1E9FCC2500520537 /* Base */ = {isa = PBXFileReference; lastKnownFileType = file.storyboard; name = Base; path = Base.lproj/Main.storyboard; sourceTree = "<group>"; };
		6AED953C1E9FCC2500520537 /* Assets.xcassets */ = {isa = PBXFileReference; lastKnownFileType = folder.assetcatalog; path = Assets.xcassets; sourceTree = "<group>"; };
		6AED953F1E9FCC2500520537 /* Base */ = {isa = PBXFileReference; lastKnownFileType = file.storyboard; name = Base; path = Base.lproj/LaunchScreen.storyboard; sourceTree = "<group>"; };
		6AED95411E9FCC2500520537 /* Info.plist */ = {isa = PBXFileReference; lastKnownFileType = text.plist.xml; path = Info.plist; sourceTree = "<group>"; };
		6AED95461E9FCC2500520537 /* TJPageViewTests.xctest */ = {isa = PBXFileReference; explicitFileType = wrapper.cfbundle; includeInIndex = 0; path = TJPageViewTests.xctest; sourceTree = BUILT_PRODUCTS_DIR; };
		6AED954A1E9FCC2500520537 /* TJPageViewTests.swift */ = {isa = PBXFileReference; lastKnownFileType = sourcecode.swift; path = TJPageViewTests.swift; sourceTree = "<group>"; };
		6AED954C1E9FCC2500520537 /* Info.plist */ = {isa = PBXFileReference; lastKnownFileType = text.plist.xml; path = Info.plist; sourceTree = "<group>"; };
		6AED95511E9FCC2500520537 /* TJPageViewUITests.xctest */ = {isa = PBXFileReference; explicitFileType = wrapper.cfbundle; includeInIndex = 0; path = TJPageViewUITests.xctest; sourceTree = BUILT_PRODUCTS_DIR; };
		6AED95551E9FCC2500520537 /* TJPageViewUITests.swift */ = {isa = PBXFileReference; lastKnownFileType = sourcecode.swift; path = TJPageViewUITests.swift; sourceTree = "<group>"; };
		6AED95571E9FCC2500520537 /* Info.plist */ = {isa = PBXFileReference; lastKnownFileType = text.plist.xml; path = Info.plist; sourceTree = "<group>"; };
		6AED956A1EA1094800520537 /* TJPageView.swift */ = {isa = PBXFileReference; fileEncoding = 4; lastKnownFileType = sourcecode.swift; path = TJPageView.swift; sourceTree = "<group>"; };
		6AED956C1EA1095200520537 /* TJTitleView.swift */ = {isa = PBXFileReference; fileEncoding = 4; lastKnownFileType = sourcecode.swift; path = TJTitleView.swift; sourceTree = "<group>"; };
		6AED956E1EA1095D00520537 /* TJContentView.swift */ = {isa = PBXFileReference; fileEncoding = 4; lastKnownFileType = sourcecode.swift; path = TJContentView.swift; sourceTree = "<group>"; };
		6AED95701EA1097300520537 /* TJTitleStyle.swift */ = {isa = PBXFileReference; fileEncoding = 4; lastKnownFileType = sourcecode.swift; path = TJTitleStyle.swift; sourceTree = "<group>"; };
		6AED95721EA1132100520537 /* UIColor-Extension.swift */ = {isa = PBXFileReference; fileEncoding = 4; lastKnownFileType = sourcecode.swift; path = "UIColor-Extension.swift"; sourceTree = "<group>"; };
		FE902E981EDEA43700308FF8 /* TJPageCollectionLayout.swift */ = {isa = PBXFileReference; fileEncoding = 4; lastKnownFileType = sourcecode.swift; path = TJPageCollectionLayout.swift; sourceTree = "<group>"; };
		FE902E9A1EDEA49D00308FF8 /* TJPageCollectionView.swift */ = {isa = PBXFileReference; fileEncoding = 4; lastKnownFileType = sourcecode.swift; path = TJPageCollectionView.swift; sourceTree = "<group>"; };
/* End PBXFileReference section */

/* Begin PBXFrameworksBuildPhase section */
		6AED952F1E9FCC2500520537 /* Frameworks */ = {
			isa = PBXFrameworksBuildPhase;
			buildActionMask = 2147483647;
			files = (
			);
			runOnlyForDeploymentPostprocessing = 0;
		};
		6AED95431E9FCC2500520537 /* Frameworks */ = {
			isa = PBXFrameworksBuildPhase;
			buildActionMask = 2147483647;
			files = (
			);
			runOnlyForDeploymentPostprocessing = 0;
		};
		6AED954E1E9FCC2500520537 /* Frameworks */ = {
			isa = PBXFrameworksBuildPhase;
			buildActionMask = 2147483647;
			files = (
			);
			runOnlyForDeploymentPostprocessing = 0;
		};
/* End PBXFrameworksBuildPhase section */

/* Begin PBXGroup section */
		6AED95291E9FCC2500520537 = {
			isa = PBXGroup;
			children = (
				6AED95341E9FCC2500520537 /* TJPageView */,
				6AED95491E9FCC2500520537 /* TJPageViewTests */,
				6AED95541E9FCC2500520537 /* TJPageViewUITests */,
				6AED95331E9FCC2500520537 /* Products */,
			);
			sourceTree = "<group>";
		};
		6AED95331E9FCC2500520537 /* Products */ = {
			isa = PBXGroup;
			children = (
				6AED95321E9FCC2500520537 /* TJPageView.app */,
				6AED95461E9FCC2500520537 /* TJPageViewTests.xctest */,
				6AED95511E9FCC2500520537 /* TJPageViewUITests.xctest */,
			);
			name = Products;
			sourceTree = "<group>";
		};
		6AED95341E9FCC2500520537 /* TJPageView */ = {
			isa = PBXGroup;
			children = (
				6AED95631EA106FC00520537 /* TJPageView */,
				6AED95351E9FCC2500520537 /* AppDelegate.swift */,
				6AED95371E9FCC2500520537 /* ViewController.swift */,
				6AED95721EA1132100520537 /* UIColor-Extension.swift */,
				6AED95391E9FCC2500520537 /* Main.storyboard */,
				6AED953C1E9FCC2500520537 /* Assets.xcassets */,
				6AED953E1E9FCC2500520537 /* LaunchScreen.storyboard */,
				6AED95411E9FCC2500520537 /* Info.plist */,
			);
			path = TJPageView;
			sourceTree = "<group>";
		};
		6AED95491E9FCC2500520537 /* TJPageViewTests */ = {
			isa = PBXGroup;
			children = (
				6AED954A1E9FCC2500520537 /* TJPageViewTests.swift */,
				6AED954C1E9FCC2500520537 /* Info.plist */,
			);
			path = TJPageViewTests;
			sourceTree = "<group>";
		};
		6AED95541E9FCC2500520537 /* TJPageViewUITests */ = {
			isa = PBXGroup;
			children = (
				6AED95551E9FCC2500520537 /* TJPageViewUITests.swift */,
				6AED95571E9FCC2500520537 /* Info.plist */,
			);
			path = TJPageViewUITests;
			sourceTree = "<group>";
		};
		6AED95631EA106FC00520537 /* TJPageView */ = {
			isa = PBXGroup;
			children = (
				6AED956A1EA1094800520537 /* TJPageView.swift */,
				6AED956C1EA1095200520537 /* TJTitleView.swift */,
				6AED956E1EA1095D00520537 /* TJContentView.swift */,
				6AED95701EA1097300520537 /* TJTitleStyle.swift */,
				FE902E981EDEA43700308FF8 /* TJPageCollectionLayout.swift */,
				FE902E9A1EDEA49D00308FF8 /* TJPageCollectionView.swift */,
			);
			path = TJPageView;
			sourceTree = "<group>";
		};
/* End PBXGroup section */

/* Begin PBXNativeTarget section */
		6AED95311E9FCC2500520537 /* TJPageView */ = {
			isa = PBXNativeTarget;
			buildConfigurationList = 6AED955A1E9FCC2500520537 /* Build configuration list for PBXNativeTarget "TJPageView" */;
			buildPhases = (
				6AED952E1E9FCC2500520537 /* Sources */,
				6AED952F1E9FCC2500520537 /* Frameworks */,
				6AED95301E9FCC2500520537 /* Resources */,
			);
			buildRules = (
			);
			dependencies = (
			);
			name = TJPageView;
			productName = TJPageView;
			productReference = 6AED95321E9FCC2500520537 /* TJPageView.app */;
			productType = "com.apple.product-type.application";
		};
		6AED95451E9FCC2500520537 /* TJPageViewTests */ = {
			isa = PBXNativeTarget;
			buildConfigurationList = 6AED955D1E9FCC2500520537 /* Build configuration list for PBXNativeTarget "TJPageViewTests" */;
			buildPhases = (
				6AED95421E9FCC2500520537 /* Sources */,
				6AED95431E9FCC2500520537 /* Frameworks */,
				6AED95441E9FCC2500520537 /* Resources */,
			);
			buildRules = (
			);
			dependencies = (
				6AED95481E9FCC2500520537 /* PBXTargetDependency */,
			);
			name = TJPageViewTests;
			productName = TJPageViewTests;
			productReference = 6AED95461E9FCC2500520537 /* TJPageViewTests.xctest */;
			productType = "com.apple.product-type.bundle.unit-test";
		};
		6AED95501E9FCC2500520537 /* TJPageViewUITests */ = {
			isa = PBXNativeTarget;
			buildConfigurationList = 6AED95601E9FCC2500520537 /* Build configuration list for PBXNativeTarget "TJPageViewUITests" */;
			buildPhases = (
				6AED954D1E9FCC2500520537 /* Sources */,
				6AED954E1E9FCC2500520537 /* Frameworks */,
				6AED954F1E9FCC2500520537 /* Resources */,
			);
			buildRules = (
			);
			dependencies = (
				6AED95531E9FCC2500520537 /* PBXTargetDependency */,
			);
			name = TJPageViewUITests;
			productName = TJPageViewUITests;
			productReference = 6AED95511E9FCC2500520537 /* TJPageViewUITests.xctest */;
			productType = "com.apple.product-type.bundle.ui-testing";
		};
/* End PBXNativeTarget section */

/* Begin PBXProject section */
		6AED952A1E9FCC2500520537 /* Project object */ = {
			isa = PBXProject;
			attributes = {
				LastSwiftUpdateCheck = 0800;
				LastUpgradeCheck = 0800;
				ORGANIZATIONNAME = Quanjun;
				TargetAttributes = {
					6AED95311E9FCC2500520537 = {
						CreatedOnToolsVersion = 8.0;
						ProvisioningStyle = Automatic;
					};
					6AED95451E9FCC2500520537 = {
						CreatedOnToolsVersion = 8.0;
						ProvisioningStyle = Automatic;
						TestTargetID = 6AED95311E9FCC2500520537;
					};
					6AED95501E9FCC2500520537 = {
						CreatedOnToolsVersion = 8.0;
						ProvisioningStyle = Automatic;
						TestTargetID = 6AED95311E9FCC2500520537;
					};
				};
			};
			buildConfigurationList = 6AED952D1E9FCC2500520537 /* Build configuration list for PBXProject "TJPageView" */;
			compatibilityVersion = "Xcode 3.2";
			developmentRegion = English;
			hasScannedForEncodings = 0;
			knownRegions = (
				en,
				Base,
			);
			mainGroup = 6AED95291E9FCC2500520537;
			productRefGroup = 6AED95331E9FCC2500520537 /* Products */;
			projectDirPath = "";
			projectRoot = "";
			targets = (
				6AED95311E9FCC2500520537 /* TJPageView */,
				6AED95451E9FCC2500520537 /* TJPageViewTests */,
				6AED95501E9FCC2500520537 /* TJPageViewUITests */,
			);
		};
/* End PBXProject section */

/* Begin PBXResourcesBuildPhase section */
		6AED95301E9FCC2500520537 /* Resources */ = {
			isa = PBXResourcesBuildPhase;
			buildActionMask = 2147483647;
			files = (
				6AED95401E9FCC2500520537 /* LaunchScreen.storyboard in Resources */,
				6AED953D1E9FCC2500520537 /* Assets.xcassets in Resources */,
				6AED953B1E9FCC2500520537 /* Main.storyboard in Resources */,
			);
			runOnlyForDeploymentPostprocessing = 0;
		};
		6AED95441E9FCC2500520537 /* Resources */ = {
			isa = PBXResourcesBuildPhase;
			buildActionMask = 2147483647;
			files = (
			);
			runOnlyForDeploymentPostprocessing = 0;
		};
		6AED954F1E9FCC2500520537 /* Resources */ = {
			isa = PBXResourcesBuildPhase;
			buildActionMask = 2147483647;
			files = (
			);
			runOnlyForDeploymentPostprocessing = 0;
		};
/* End PBXResourcesBuildPhase section */

/* Begin PBXSourcesBuildPhase section */
		6AED952E1E9FCC2500520537 /* Sources */ = {
			isa = PBXSourcesBuildPhase;
			buildActionMask = 2147483647;
			files = (
				6AED95381E9FCC2500520537 /* ViewController.swift in Sources */,
				FE902E9B1EDEA49D00308FF8 /* TJPageCollectionView.swift in Sources */,
				6AED956F1EA1095D00520537 /* TJContentView.swift in Sources */,
				6AED956B1EA1094800520537 /* TJPageView.swift in Sources */,
				6AED95361E9FCC2500520537 /* AppDelegate.swift in Sources */,
				FE902E991EDEA43700308FF8 /* TJPageCollectionLayout.swift in Sources */,
				6AED95711EA1097300520537 /* TJTitleStyle.swift in Sources */,
				6AED95731EA1132100520537 /* UIColor-Extension.swift in Sources */,
				6AED956D1EA1095200520537 /* TJTitleView.swift in Sources */,
			);
			runOnlyForDeploymentPostprocessing = 0;
		};
		6AED95421E9FCC2500520537 /* Sources */ = {
			isa = PBXSourcesBuildPhase;
			buildActionMask = 2147483647;
			files = (
				6AED954B1E9FCC2500520537 /* TJPageViewTests.swift in Sources */,
			);
			runOnlyForDeploymentPostprocessing = 0;
		};
		6AED954D1E9FCC2500520537 /* Sources */ = {
			isa = PBXSourcesBuildPhase;
			buildActionMask = 2147483647;
			files = (
				6AED95561E9FCC2500520537 /* TJPageViewUITests.swift in Sources */,
			);
			runOnlyForDeploymentPostprocessing = 0;
		};
/* End PBXSourcesBuildPhase section */

/* Begin PBXTargetDependency section */
		6AED95481E9FCC2500520537 /* PBXTargetDependency */ = {
			isa = PBXTargetDependency;
			target = 6AED95311E9FCC2500520537 /* TJPageView */;
			targetProxy = 6AED95471E9FCC2500520537 /* PBXContainerItemProxy */;
		};
		6AED95531E9FCC2500520537 /* PBXTargetDependency */ = {
			isa = PBXTargetDependency;
			target = 6AED95311E9FCC2500520537 /* TJPageView */;
			targetProxy = 6AED95521E9FCC2500520537 /* PBXContainerItemProxy */;
		};
/* End PBXTargetDependency section */

/* Begin PBXVariantGroup section */
		6AED95391E9FCC2500520537 /* Main.storyboard */ = {
			isa = PBXVariantGroup;
			children = (
				6AED953A1E9FCC2500520537 /* Base */,
			);
			name = Main.storyboard;
			sourceTree = "<group>";
		};
		6AED953E1E9FCC2500520537 /* LaunchScreen.storyboard */ = {
			isa = PBXVariantGroup;
			children = (
				6AED953F1E9FCC2500520537 /* Base */,
			);
			name = LaunchScreen.storyboard;
			sourceTree = "<group>";
		};
/* End PBXVariantGroup section */

/* Begin XCBuildConfiguration section */
		6AED95581E9FCC2500520537 /* Debug */ = {
			isa = XCBuildConfiguration;
			buildSettings = {
				ALWAYS_SEARCH_USER_PATHS = NO;
				CLANG_ANALYZER_NONNULL = YES;
				CLANG_CXX_LANGUAGE_STANDARD = "gnu++0x";
				CLANG_CXX_LIBRARY = "libc++";
				CLANG_ENABLE_MODULES = YES;
				CLANG_ENABLE_OBJC_ARC = YES;
				CLANG_WARN_BOOL_CONVERSION = YES;
				CLANG_WARN_CONSTANT_CONVERSION = YES;
				CLANG_WARN_DIRECT_OBJC_ISA_USAGE = YES_ERROR;
				CLANG_WARN_DOCUMENTATION_COMMENTS = YES;
				CLANG_WARN_EMPTY_BODY = YES;
				CLANG_WARN_ENUM_CONVERSION = YES;
				CLANG_WARN_INFINITE_RECURSION = YES;
				CLANG_WARN_INT_CONVERSION = YES;
				CLANG_WARN_OBJC_ROOT_CLASS = YES_ERROR;
				CLANG_WARN_SUSPICIOUS_MOVES = YES;
				CLANG_WARN_UNREACHABLE_CODE = YES;
				CLANG_WARN__DUPLICATE_METHOD_MATCH = YES;
				"CODE_SIGN_IDENTITY[sdk=iphoneos*]" = "iPhone Developer";
				COPY_PHASE_STRIP = NO;
				DEBUG_INFORMATION_FORMAT = dwarf;
				ENABLE_STRICT_OBJC_MSGSEND = YES;
				ENABLE_TESTABILITY = YES;
				GCC_C_LANGUAGE_STANDARD = gnu99;
				GCC_DYNAMIC_NO_PIC = NO;
				GCC_NO_COMMON_BLOCKS = YES;
				GCC_OPTIMIZATION_LEVEL = 0;
				GCC_PREPROCESSOR_DEFINITIONS = (
					"DEBUG=1",
					"$(inherited)",
				);
				GCC_WARN_64_TO_32_BIT_CONVERSION = YES;
				GCC_WARN_ABOUT_RETURN_TYPE = YES_ERROR;
				GCC_WARN_UNDECLARED_SELECTOR = YES;
				GCC_WARN_UNINITIALIZED_AUTOS = YES_AGGRESSIVE;
				GCC_WARN_UNUSED_FUNCTION = YES;
				GCC_WARN_UNUSED_VARIABLE = YES;
				IPHONEOS_DEPLOYMENT_TARGET = 10.0;
				MTL_ENABLE_DEBUG_INFO = YES;
				ONLY_ACTIVE_ARCH = YES;
				SDKROOT = iphoneos;
				SWIFT_ACTIVE_COMPILATION_CONDITIONS = DEBUG;
				SWIFT_OPTIMIZATION_LEVEL = "-Onone";
				TARGETED_DEVICE_FAMILY = "1,2";
			};
			name = Debug;
		};
		6AED95591E9FCC2500520537 /* Release */ = {
			isa = XCBuildConfiguration;
			buildSettings = {
				ALWAYS_SEARCH_USER_PATHS = NO;
				CLANG_ANALYZER_NONNULL = YES;
				CLANG_CXX_LANGUAGE_STANDARD = "gnu++0x";
				CLANG_CXX_LIBRARY = "libc++";
				CLANG_ENABLE_MODULES = YES;
				CLANG_ENABLE_OBJC_ARC = YES;
				CLANG_WARN_BOOL_CONVERSION = YES;
				CLANG_WARN_CONSTANT_CONVERSION = YES;
				CLANG_WARN_DIRECT_OBJC_ISA_USAGE = YES_ERROR;
				CLANG_WARN_DOCUMENTATION_COMMENTS = YES;
				CLANG_WARN_EMPTY_BODY = YES;
				CLANG_WARN_ENUM_CONVERSION = YES;
				CLANG_WARN_INFINITE_RECURSION = YES;
				CLANG_WARN_INT_CONVERSION = YES;
				CLANG_WARN_OBJC_ROOT_CLASS = YES_ERROR;
				CLANG_WARN_SUSPICIOUS_MOVES = YES;
				CLANG_WARN_UNREACHABLE_CODE = YES;
				CLANG_WARN__DUPLICATE_METHOD_MATCH = YES;
				"CODE_SIGN_IDENTITY[sdk=iphoneos*]" = "iPhone Developer";
				COPY_PHASE_STRIP = NO;
				DEBUG_INFORMATION_FORMAT = "dwarf-with-dsym";
				ENABLE_NS_ASSERTIONS = NO;
				ENABLE_STRICT_OBJC_MSGSEND = YES;
				GCC_C_LANGUAGE_STANDARD = gnu99;
				GCC_NO_COMMON_BLOCKS = YES;
				GCC_WARN_64_TO_32_BIT_CONVERSION = YES;
				GCC_WARN_ABOUT_RETURN_TYPE = YES_ERROR;
				GCC_WARN_UNDECLARED_SELECTOR = YES;
				GCC_WARN_UNINITIALIZED_AUTOS = YES_AGGRESSIVE;
				GCC_WARN_UNUSED_FUNCTION = YES;
				GCC_WARN_UNUSED_VARIABLE = YES;
				IPHONEOS_DEPLOYMENT_TARGET = 10.0;
				MTL_ENABLE_DEBUG_INFO = NO;
				SDKROOT = iphoneos;
				SWIFT_OPTIMIZATION_LEVEL = "-Owholemodule";
				TARGETED_DEVICE_FAMILY = "1,2";
				VALIDATE_PRODUCT = YES;
			};
			name = Release;
		};
		6AED955B1E9FCC2500520537 /* Debug */ = {
			isa = XCBuildConfiguration;
			buildSettings = {
				ASSETCATALOG_COMPILER_APPICON_NAME = AppIcon;
				INFOPLIST_FILE = TJPageView/Info.plist;
				LD_RUNPATH_SEARCH_PATHS = "$(inherited) @executable_path/Frameworks";
				PRODUCT_BUNDLE_IDENTIFIER = com.quanjun.www.TJPageView;
				PRODUCT_NAME = "$(TARGET_NAME)";
				SWIFT_VERSION = 3.0;
			};
			name = Debug;
		};
		6AED955C1E9FCC2500520537 /* Release */ = {
			isa = XCBuildConfiguration;
			buildSettings = {
				ASSETCATALOG_COMPILER_APPICON_NAME = AppIcon;
				INFOPLIST_FILE = TJPageView/Info.plist;
				LD_RUNPATH_SEARCH_PATHS = "$(inherited) @executable_path/Frameworks";
				PRODUCT_BUNDLE_IDENTIFIER = com.quanjun.www.TJPageView;
				PRODUCT_NAME = "$(TARGET_NAME)";
				SWIFT_VERSION = 3.0;
			};
			name = Release;
		};
		6AED955E1E9FCC2500520537 /* Debug */ = {
			isa = XCBuildConfiguration;
			buildSettings = {
				ALWAYS_EMBED_SWIFT_STANDARD_LIBRARIES = YES;
				BUNDLE_LOADER = "$(TEST_HOST)";
				INFOPLIST_FILE = TJPageViewTests/Info.plist;
				LD_RUNPATH_SEARCH_PATHS = "$(inherited) @executable_path/Frameworks @loader_path/Frameworks";
				PRODUCT_BUNDLE_IDENTIFIER = com.quanjun.www.TJPageViewTests;
				PRODUCT_NAME = "$(TARGET_NAME)";
				SWIFT_VERSION = 3.0;
				TEST_HOST = "$(BUILT_PRODUCTS_DIR)/TJPageView.app/TJPageView";
			};
			name = Debug;
		};
		6AED955F1E9FCC2500520537 /* Release */ = {
			isa = XCBuildConfiguration;
			buildSettings = {
				ALWAYS_EMBED_SWIFT_STANDARD_LIBRARIES = YES;
				BUNDLE_LOADER = "$(TEST_HOST)";
				INFOPLIST_FILE = TJPageViewTests/Info.plist;
				LD_RUNPATH_SEARCH_PATHS = "$(inherited) @executable_path/Frameworks @loader_path/Frameworks";
				PRODUCT_BUNDLE_IDENTIFIER = com.quanjun.www.TJPageViewTests;
				PRODUCT_NAME = "$(TARGET_NAME)";
				SWIFT_VERSION = 3.0;
				TEST_HOST = "$(BUILT_PRODUCTS_DIR)/TJPageView.app/TJPageView";
			};
			name = Release;
		};
		6AED95611E9FCC2500520537 /* Debug */ = {
			isa = XCBuildConfiguration;
			buildSettings = {
				ALWAYS_EMBED_SWIFT_STANDARD_LIBRARIES = YES;
				INFOPLIST_FILE = TJPageViewUITests/Info.plist;
				LD_RUNPATH_SEARCH_PATHS = "$(inherited) @executable_path/Frameworks @loader_path/Frameworks";
				PRODUCT_BUNDLE_IDENTIFIER = com.quanjun.www.TJPageViewUITests;
				PRODUCT_NAME = "$(TARGET_NAME)";
				SWIFT_VERSION = 3.0;
				TEST_TARGET_NAME = TJPageView;
			};
			name = Debug;
		};
		6AED95621E9FCC2500520537 /* Release */ = {
			isa = XCBuildConfiguration;
			buildSettings = {
				ALWAYS_EMBED_SWIFT_STANDARD_LIBRARIES = YES;
				INFOPLIST_FILE = TJPageViewUITests/Info.plist;
				LD_RUNPATH_SEARCH_PATHS = "$(inherited) @executable_path/Frameworks @loader_path/Frameworks";
				PRODUCT_BUNDLE_IDENTIFIER = com.quanjun.www.TJPageViewUITests;
				PRODUCT_NAME = "$(TARGET_NAME)";
				SWIFT_VERSION = 3.0;
				TEST_TARGET_NAME = TJPageView;
			};
			name = Release;
		};
/* End XCBuildConfiguration section */

/* Begin XCConfigurationList section */
		6AED952D1E9FCC2500520537 /* Build configuration list for PBXProject "TJPageView" */ = {
			isa = XCConfigurationList;
			buildConfigurations = (
				6AED95581E9FCC2500520537 /* Debug */,
				6AED95591E9FCC2500520537 /* Release */,
			);
			defaultConfigurationIsVisible = 0;
			defaultConfigurationName = Release;
		};
		6AED955A1E9FCC2500520537 /* Build configuration list for PBXNativeTarget "TJPageView" */ = {
			isa = XCConfigurationList;
			buildConfigurations = (
				6AED955B1E9FCC2500520537 /* Debug */,
				6AED955C1E9FCC2500520537 /* Release */,
			);
			defaultConfigurationIsVisible = 0;
			defaultConfigurationName = Release;
		};
		6AED955D1E9FCC2500520537 /* Build configuration list for PBXNativeTarget "TJPageViewTests" */ = {
			isa = XCConfigurationList;
			buildConfigurations = (
				6AED955E1E9FCC2500520537 /* Debug */,
				6AED955F1E9FCC2500520537 /* Release */,
			);
			defaultConfigurationIsVisible = 0;
			defaultConfigurationName = Release;
		};
		6AED95601E9FCC2500520537 /* Build configuration list for PBXNativeTarget "TJPageViewUITests" */ = {
			isa = XCConfigurationList;
			buildConfigurations = (
				6AED95611E9FCC2500520537 /* Debug */,
				6AED95621E9FCC2500520537 /* Release */,
			);
			defaultConfigurationIsVisible = 0;
			defaultConfigurationName = Release;
		};
/* End XCConfigurationList section */
	};
	rootObject = 6AED952A1E9FCC2500520537 /* Project object */;
}
